<Solution>
  <Folder Name="/Headers/">
    <File Path="headers/slang-deprecated.h" />
    <File Path="headers/slang-image-format-defs.h" />
    <File Path="headers/slang.h" />
  </Folder>
  <Folder Name="/Solution Items/">
    <File Path="LICENSE.md" />
    <File Path="README.md" />
    <File Path="update_slang.ps1" />
  </Folder>
  <Project Path="src/SlangShaderSharp.csproj" />
  <Project Path="tests/SlangShaderSharp.Tests.csproj" />
</Solution>
